{
  "name": "pi-extensions-monorepo",
  "lockfileVersion": 3,
  "requires": true,
  "packages": {
    "": {
      "name": "pi-extensions-monorepo",
      "workspaces": [
        "packages/*"
      ]
    },
    "node_modules/pi-ghostty": {
      "resolved": "packages/pi-ghostty",
      "link": true
    },
    "node_modules/pi-notifications": {
      "resolved": "packages/pi-notifications",
      "link": true
    },
    "node_modules/pi-session-export-html": {
      "resolved": "packages/pi-session-export-html",
      "link": true
    },
    "node_modules/pi-terminal-osc": {
      "resolved": "packages/pi-terminal-osc",
      "link": true
    },
    "packages/pi-ghostty": {
      "dependencies": {
        "pi-terminal-osc": "0.1.0"
      }
    },
    "packages/pi-notifications": {
      "dependencies": {
        "pi-terminal-osc": "0.1.0"
      }
    },
    "packages/pi-session-export-html": {},
    "packages/pi-terminal-osc": {
      "version": "0.1.0"
    }
  }
}
